
Microsoft Visual Studio Solution File, Format Version 12.00
# Visual Studio 15
VisualStudioVersion = 15.0.27703.2026
MinimumVisualStudioVersion = 10.0.40219.1
Project("{8BC9CEB8-8B4A-11D0-8D11-00A0C91BC942}") = "SizeOfTypes", "SizeOfTypes\SizeOfTypes.vcxproj", "{1828CDF7-9D9D-432B-9F02-7A3E009F4B09}"
EndProject
Global
	GlobalSection(SolutionConfigurationPlatforms) = preSolution
		Debug|x64 = Debug|x64
		Debug|x86 = Debug|x86
		Release|x64 = Release|x64
		Release|x86 = Release|x86
	EndGlobalSection
	GlobalSection(ProjectConfigurationPlatforms) = postSolution
		{1828CDF7-9D9D-432B-9F02-7A3E009F4B09}.Debug|x64.ActiveCfg = Debug|x64
		{1828CDF7-9D9D-432B-9F02-7A3E009F4B09}.Debug|x64.Build.0 = Debug|x64
		{1828CDF7-9D9D-432B-9F02-7A3E009F4B09}.Debug|x86.ActiveCfg = Debug|Win32
		{1828CDF7-9D9D-432B-9F02-7A3E009F4B09}.Debug|x86.Build.0 = Debug|Win32
		{1828CDF7-9D9D-432B-9F02-7A3E009F4B09}.Release|x64.ActiveCfg = Release|x64
		{1828CDF7-9D9D-432B-9F02-7A3E009F4B09}.Release|x64.Build.0 = Release|x64
		{1828CDF7-9D9D-432B-9F02-7A3E009F4B09}.Release|x86.ActiveCfg = Release|Win32
		{1828CDF7-9D9D-432B-9F02-7A3E009F4B09}.Release|x86.Build.0 = Release|Win32
	EndGlobalSection
	GlobalSection(SolutionProperties) = preSolution
		HideSolutionNode = FALSE
	EndGlobalSection
	GlobalSection(ExtensibilityGlobals) = postSolution
		SolutionGuid = {26CF20C6-EED2-4D82-8868-C6819EAE4F34}
	EndGlobalSection
EndGlobal
